
Microsoft Visual Studio Solution File, Format Version 12.00
Project("{FAE04EC0-301F-11D3-BF4B-00C04F79EFBC}") = "ConsoleAuth", "ConsoleAuth\ConsoleAuth.csproj", "{4EA5DA1D-1705-48B1-90B1-0C8326251F9A}"
EndProject
Project("{FAE04EC0-301F-11D3-BF4B-00C04F79EFBC}") = "RESTAuth", "RESTAuth\RESTAuth.csproj", "{4C3B1EB0-83A1-45D1-8138-DA82AC2C9841}"
EndProject
Global
	GlobalSection(SolutionConfigurationPlatforms) = preSolution
		Debug|Any CPU = Debug|Any CPU
		Release|Any CPU = Release|Any CPU
	EndGlobalSection
	GlobalSection(ProjectConfigurationPlatforms) = postSolution
		{4EA5DA1D-1705-48B1-90B1-0C8326251F9A}.Debug|Any CPU.ActiveCfg = Debug|Any CPU
		{4EA5DA1D-1705-48B1-90B1-0C8326251F9A}.Debug|Any CPU.Build.0 = Debug|Any CPU
		{4EA5DA1D-1705-48B1-90B1-0C8326251F9A}.Release|Any CPU.ActiveCfg = Release|Any CPU
		{4EA5DA1D-1705-48B1-90B1-0C8326251F9A}.Release|Any CPU.Build.0 = Release|Any CPU
		{4C3B1EB0-83A1-45D1-8138-DA82AC2C9841}.Debug|Any CPU.ActiveCfg = Debug|Any CPU
		{4C3B1EB0-83A1-45D1-8138-DA82AC2C9841}.Debug|Any CPU.Build.0 = Debug|Any CPU
		{4C3B1EB0-83A1-45D1-8138-DA82AC2C9841}.Release|Any CPU.ActiveCfg = Release|Any CPU
		{4C3B1EB0-83A1-45D1-8138-DA82AC2C9841}.Release|Any CPU.Build.0 = Release|Any CPU
	EndGlobalSection
EndGlobal
